
Microsoft Visual Studio Solution File, Format Version 12.00
# Visual Studio Version 16
VisualStudioVersion = 16.0.30225.117
MinimumVisualStudioVersion = 10.0.40219.1
Project("{FAE04EC0-301F-11D3-BF4B-00C04F79EFBC}") = "wpf-simpleCalculator", "wpf-simpleCalculator.csproj", "{69F2673D-89DE-453E-925D-3B82EA79D99F}"
EndProject
Global
	GlobalSection(SolutionConfigurationPlatforms) = preSolution
		Debug|Any CPU = Debug|Any CPU
		Release|Any CPU = Release|Any CPU
	EndGlobalSection
	GlobalSection(ProjectConfigurationPlatforms) = postSolution
		{69F2673D-89DE-453E-925D-3B82EA79D99F}.Debug|Any CPU.ActiveCfg = Debug|Any CPU
		{69F2673D-89DE-453E-925D-3B82EA79D99F}.Debug|Any CPU.Build.0 = Debug|Any CPU
		{69F2673D-89DE-453E-925D-3B82EA79D99F}.Release|Any CPU.ActiveCfg = Release|Any CPU
		{69F2673D-89DE-453E-925D-3B82EA79D99F}.Release|Any CPU.Build.0 = Release|Any CPU
	EndGlobalSection
	GlobalSection(SolutionProperties) = preSolution
		HideSolutionNode = FALSE
	EndGlobalSection
	GlobalSection(ExtensibilityGlobals) = postSolution
		SolutionGuid = {B6F993B5-3428-4BB9-B967-D147DF5513E2}
	EndGlobalSection
EndGlobal
